// !$*UTF8*$!
{
	archiveVersion = 1;
	classes = {
	};
	objectVersion = 54;
	objects = {

/* Begin PBXBuildFile section */
		9B00000129B7E1C000000001 /* ZionStageApp.swift in Sources */ = {isa = PBXBuildFile; fileRef = 9B00000129B7E1C000000000 /* ZionStageApp.swift */; };
		9B00000129B7E1C000000003 /* MainView.swift in Sources */ = {isa = PBXBuildFile; fileRef = 9B00000129B7E1C000000002 /* MainView.swift */; };
		9B00000129B7E1C000000005 /* Song.swift in Sources */ = {isa = PBXBuildFile; fileRef = 9B00000129B7E1C000000004 /* Song.swift */; };
		9B00000129B7E1C000000007 /* Setlist.swift in Sources */ = {isa = PBXBuildFile; fileRef = 9B00000129B7E1C000000006 /* Setlist.swift */; };
		9B00000129B7E1C000000009 /* UserProfile.swift in Sources */ = {isa = PBXBuildFile; fileRef = 9B00000129B7E1C000000008 /* UserProfile.swift */; };
		9B00000129B7E1C00000000B /* ZionAudioPlayer.swift in Sources */ = {isa = PBXBuildFile; fileRef = 9B00000129B7E1C00000000A /* ZionAudioPlayer.swift */; };
		9B00000129B7E1C00000000D /* MixerView.swift in Sources */ = {isa = PBXBuildFile; fileRef = 9B00000129B7E1C00000000C /* MixerView.swift */; };
		9B00000129B7E1C00000000F /* ChannelStripView.swift in Sources */ = {isa = PBXBuildFile; fileRef = 9B00000129B7E1C00000000E /* ChannelStripView.swift */; };
		9B00000129B7E1C000000011 /* PitchTempoControl.swift in Sources */ = {isa = PBXBuildFile; fileRef = 9B00000129B7E1C000000010 /* PitchTempoControl.swift */; };
		9B00000129B7E1C000000013 /* WaveformTimelineView.swift in Sources */ = {isa = PBXBuildFile; fileRef = 9B00000129B7E1C000000012 /* WaveformTimelineView.swift */; };
		9B00000129B7E1C000000015 /* SongLibraryView.swift in Sources */ = {isa = PBXBuildFile; fileRef = 9B00000129B7E1C000000014 /* SongLibraryView.swift */; };
		9B00000129B7E1C000000017 /* PadEngineView.swift in Sources */ = {isa = PBXBuildFile; fileRef = 9B00000129B7E1C000000016 /* PadEngineView.swift */; };
		9B00000129B7E1C000000019 /* LoginView.swift in Sources */ = {isa = PBXBuildFile; fileRef = 9B00000129B7E1C000000018 /* LoginView.swift */; };
		9B00000129B7E1C00000001B /* FirebaseService.swift in Sources */ = {isa = PBXBuildFile; fileRef = 9B00000129B7E1C00000001A /* FirebaseService.swift */; };
		9B00000129B7E1C00000001C /* CyberHeaderView.swift in Sources */ = {isa = PBXBuildFile; fileRef = 9B00000129B7E1C00000001D /* CyberHeaderView.swift */; };
		9B00000129B7E1C00000002A /* WaveformCanvasView.swift in Sources */ = {isa = PBXBuildFile; fileRef = 9B00000129B7E1C00000002B /* WaveformCanvasView.swift */; };
		9B00000129B7E1C000000030 /* DownloadManager.swift in Sources */ = {isa = PBXBuildFile; fileRef = 9B00000129B7E1C000000031 /* DownloadManager.swift */; };
		9B00000129B7E1C000000032 /* ZionPadPlayer.swift in Sources */ = {isa = PBXBuildFile; fileRef = 9B00000129B7E1C000000033 /* ZionPadPlayer.swift */; };
		9B00000129B7E1C000000034 /* LyricsView.swift in Sources */ = {isa = PBXBuildFile; fileRef = 9B00000129B7E1C000000035 /* LyricsView.swift */; };
		9B00000129B7E1C000000036 /* ChordsView.swift in Sources */ = {isa = PBXBuildFile; fileRef = 9B00000129B7E1C000000037 /* ChordsView.swift */; };
		9B00000129B7E1C000000038 /* PartiturasView.swift in Sources */ = {isa = PBXBuildFile; fileRef = 9B00000129B7E1C000000039 /* PartiturasView.swift */; };
		FB0001A000000001 /* FirebaseCore in Frameworks */ = {isa = PBXBuildFile; productRef = FB0001A000000002 /* FirebaseCore */; };
		FB0001A000000003 /* FirebaseAuth in Frameworks */ = {isa = PBXBuildFile; productRef = FB0001A000000004 /* FirebaseAuth */; };
		FB0001A000000005 /* FirebaseFirestore in Frameworks */ = {isa = PBXBuildFile; productRef = FB0001A000000006 /* FirebaseFirestore */; };

/* End PBXBuildFile section */

/* Begin PBXFileReference section */
		9B00000129B7E1C000000000 /* ZionStageApp.swift */ = {isa = PBXFileReference; lastKnownFileType = sourcecode.swift; path = App/ZionStageApp.swift; sourceTree = "<group>"; };
		9B00000129B7E1C000000002 /* MainView.swift */ = {isa = PBXFileReference; lastKnownFileType = sourcecode.swift; path = App/MainView.swift; sourceTree = "<group>"; };
		9B00000129B7E1C000000004 /* Song.swift */ = {isa = PBXFileReference; lastKnownFileType = sourcecode.swift; path = Models/Song.swift; sourceTree = "<group>"; };
		9B00000129B7E1C000000006 /* Setlist.swift */ = {isa = PBXFileReference; lastKnownFileType = sourcecode.swift; path = Models/Setlist.swift; sourceTree = "<group>"; };
		9B00000129B7E1C000000008 /* UserProfile.swift */ = {isa = PBXFileReference; lastKnownFileType = sourcecode.swift; path = Models/UserProfile.swift; sourceTree = "<group>"; };
		9B00000129B7E1C00000000A /* ZionAudioPlayer.swift */ = {isa = PBXFileReference; lastKnownFileType = sourcecode.swift; path = Audio/ZionAudioPlayer.swift; sourceTree = "<group>"; };
		9B00000129B7E1C00000000C /* MixerView.swift */ = {isa = PBXFileReference; lastKnownFileType = sourcecode.swift; path = Views/Mixer/MixerView.swift; sourceTree = "<group>"; };
		9B00000129B7E1C00000000E /* ChannelStripView.swift */ = {isa = PBXFileReference; lastKnownFileType = sourcecode.swift; path = Views/Mixer/ChannelStripView.swift; sourceTree = "<group>"; };
		9B00000129B7E1C000000010 /* PitchTempoControl.swift */ = {isa = PBXFileReference; lastKnownFileType = sourcecode.swift; path = Views/Mixer/PitchTempoControl.swift; sourceTree = "<group>"; };
		9B00000129B7E1C000000012 /* WaveformTimelineView.swift */ = {isa = PBXFileReference; lastKnownFileType = sourcecode.swift; path = Views/Mixer/WaveformTimelineView.swift; sourceTree = "<group>"; };
		9B00000129B7E1C000000014 /* SongLibraryView.swift */ = {isa = PBXFileReference; lastKnownFileType = sourcecode.swift; path = Views/Library/SongLibraryView.swift; sourceTree = "<group>"; };
		9B00000129B7E1C000000016 /* PadEngineView.swift */ = {isa = PBXFileReference; lastKnownFileType = sourcecode.swift; path = Views/Pads/PadEngineView.swift; sourceTree = "<group>"; };
		9B00000129B7E1C000000018 /* LoginView.swift */ = {isa = PBXFileReference; lastKnownFileType = sourcecode.swift; path = Views/Auth/LoginView.swift; sourceTree = "<group>"; };
		9B00000129B7E1C00000001A /* FirebaseService.swift */ = {isa = PBXFileReference; lastKnownFileType = sourcecode.swift; path = Services/FirebaseService.swift; sourceTree = "<group>"; };
		9B00000129B7E1C00000001D /* CyberHeaderView.swift */ = {isa = PBXFileReference; lastKnownFileType = sourcecode.swift; path = Views/Mixer/CyberHeaderView.swift; sourceTree = "<group>"; };
		9B00000129B7E1C00000002B /* WaveformCanvasView.swift */ = {isa = PBXFileReference; lastKnownFileType = sourcecode.swift; path = Views/Mixer/WaveformCanvasView.swift; sourceTree = "<group>"; };
		9B00000129B7E1C000000031 /* DownloadManager.swift */ = {isa = PBXFileReference; lastKnownFileType = sourcecode.swift; path = Services/DownloadManager.swift; sourceTree = "<group>"; };
		9B00000129B7E1C000000033 /* ZionPadPlayer.swift */ = {isa = PBXFileReference; lastKnownFileType = sourcecode.swift; path = Audio/ZionPadPlayer.swift; sourceTree = "<group>"; };
		9B00000129B7E1C000000035 /* LyricsView.swift */ = {isa = PBXFileReference; lastKnownFileType = sourcecode.swift; path = Views/Lyrics/LyricsView.swift; sourceTree = "<group>"; };
		9B00000129B7E1C000000037 /* ChordsView.swift */ = {isa = PBXFileReference; lastKnownFileType = sourcecode.swift; path = Views/Lyrics/ChordsView.swift; sourceTree = "<group>"; };
		9B00000129B7E1C000000039 /* PartiturasView.swift */ = {isa = PBXFileReference; lastKnownFileType = sourcecode.swift; path = Views/Lyrics/PartiturasView.swift; sourceTree = "<group>"; };

		9B00000129B7E1C00000001E /* ZionStageApple.app */ = {isa = PBXFileReference; explicitFileType = wrapper.application; includeInIndex = 0; path = ZionStageApple.app; sourceTree = BUILT_PRODUCTS_DIR; };
/* End PBXFileReference section */

/* Begin PBXGroup section */
		9B00000129B7E1C00000001F = {
			isa = PBXGroup;
			children = (
				9B00000129B7E1C000000020 /* Shared */,
				9B00000129B7E1C000000021 /* Products */,
			);
			sourceTree = "<group>";
		};
		9B00000129B7E1C000000020 /* Shared */ = {
			isa = PBXGroup;
			children = (
				9B00000129B7E1C000000000 /* ZionStageApp.swift */,
				9B00000129B7E1C000000002 /* MainView.swift */,
				9B00000129B7E1C000000004 /* Song.swift */,
				9B00000129B7E1C000000006 /* Setlist.swift */,
				9B00000129B7E1C000000008 /* UserProfile.swift */,
				9B00000129B7E1C00000000A /* ZionAudioPlayer.swift */,
				9B00000129B7E1C00000000C /* MixerView.swift */,
				9B00000129B7E1C00000000E /* ChannelStripView.swift */,
				9B00000129B7E1C000000010 /* PitchTempoControl.swift */,
				9B00000129B7E1C000000012 /* WaveformTimelineView.swift */,
				9B00000129B7E1C000000014 /* SongLibraryView.swift */,
				9B00000129B7E1C000000016 /* PadEngineView.swift */,
				9B00000129B7E1C000000018 /* LoginView.swift */,
				9B00000129B7E1C00000001A /* FirebaseService.swift */,

			);
			path = Shared;
			sourceTree = "<group>";
		};
		9B00000129B7E1C000000021 /* Products */ = {
			isa = PBXGroup;
			children = (
				9B00000129B7E1C00000001E /* ZionStageApple.app */,
			);
			name = Products;
			sourceTree = "<group>";
		};
/* End PBXGroup section */

/* Begin PBXNativeTarget section */
		9B00000129B7E1C000000022 /* ZionStageApple */ = {
			isa = PBXNativeTarget;
			buildConfigurationList = 9B00000129B7E1C000000025 /* Build configuration list for PBXNativeTarget "ZionStageApple" */;
			buildPhases = (
				FB0001A000000010 /* Frameworks */,
				9B00000129B7E1C000000023 /* Sources */,
			);
			buildRules = (
			);
			dependencies = (
			);
			name = ZionStageApple;
			packageProductDependencies = (
				FB0001A000000002 /* FirebaseCore */,
				FB0001A000000004 /* FirebaseAuth */,
				FB0001A000000006 /* FirebaseFirestore */,
			);
			productName = ZionStageApple;
			productReference = 9B00000129B7E1C00000001E /* ZionStageApple.app */;
			productType = "com.apple.product-type.application";
		};
/* End PBXNativeTarget section */

/* Begin PBXProject section */
		9B00000129B7E1C000000024 /* Project object */ = {
			isa = PBXProject;
			attributes = {
				BuildIndependentTargetsInParallel = 1;
				LastUpgradeCheck = 1500;
				TargetAttributes = {
					9B00000129B7E1C000000022 = {
						CreatedOnToolsVersion = 15.0;
					};
				};
			};
			buildConfigurationList = 9B00000129B7E1C000000026 /* Build configuration list for PBXProject "ZionStageApple" */;
			compatibilityVersion = "Xcode 14.0";
			developmentRegion = en;
			hasScannedForEncodings = 0;
			knownRegions = (
				en,
				Base,
			);
			mainGroup = 9B00000129B7E1C00000001F;
			productRefGroup = 9B00000129B7E1C000000021 /* Products */;
			packageReferences = (
				FB0001A000000007 /* XCRemoteSwiftPackageReference "firebase-ios-sdk" */,
			);
			projectDirPath = "";
			projectRoot = "";
			targets = (
				9B00000129B7E1C000000022 /* ZionStageApple */,
			);
		};
/* End PBXProject section */

/* Begin PBXFrameworksBuildPhase section */
		FB0001A000000010 /* Frameworks */ = {
			isa = PBXFrameworksBuildPhase;
			buildActionMask = 2147483647;
			files = (
				FB0001A000000001 /* FirebaseCore in Frameworks */,
				FB0001A000000003 /* FirebaseAuth in Frameworks */,
				FB0001A000000005 /* FirebaseFirestore in Frameworks */,
			);
			runOnlyForDeploymentPostprocessing = 0;
		};
/* End PBXFrameworksBuildPhase section */

/* Begin PBXSourcesBuildPhase section */
		9B00000129B7E1C000000023 /* Sources */ = {
			isa = PBXSourcesBuildPhase;
			buildActionMask = 2147483647;
			files = (
				9B00000129B7E1C000000001 /* ZionStageApp.swift in Sources */,
				9B00000129B7E1C000000003 /* MainView.swift in Sources */,
				9B00000129B7E1C000000005 /* Song.swift in Sources */,
				9B00000129B7E1C000000007 /* Setlist.swift in Sources */,
				9B00000129B7E1C000000009 /* UserProfile.swift in Sources */,
				9B00000129B7E1C00000000B /* ZionAudioPlayer.swift in Sources */,
				9B00000129B7E1C00000000D /* MixerView.swift in Sources */,
				9B00000129B7E1C00000000F /* ChannelStripView.swift in Sources */,
				9B00000129B7E1C000000011 /* PitchTempoControl.swift in Sources */,
				9B00000129B7E1C000000013 /* WaveformTimelineView.swift in Sources */,
				9B00000129B7E1C000000015 /* SongLibraryView.swift in Sources */,
				9B00000129B7E1C000000017 /* PadEngineView.swift in Sources */,
				9B00000129B7E1C000000019 /* LoginView.swift in Sources */,
				9B00000129B7E1C00000001B /* FirebaseService.swift in Sources */,
				9B00000129B7E1C00000001C /* CyberHeaderView.swift in Sources */,
				9B00000129B7E1C00000002A /* WaveformCanvasView.swift in Sources */,
				9B00000129B7E1C000000030 /* DownloadManager.swift in Sources */,
				9B00000129B7E1C000000032 /* ZionPadPlayer.swift in Sources */,
				9B00000129B7E1C000000034 /* LyricsView.swift in Sources */,
				9B00000129B7E1C000000036 /* ChordsView.swift in Sources */,
				9B00000129B7E1C000000038 /* PartiturasView.swift in Sources */,

			);
			runOnlyForDeploymentPostprocessing = 0;
		};
/* End PBXSourcesBuildPhase section */

/* Begin XCBuildConfiguration section */
		9B00000129B7E1C000000027 /* Debug */ = {
			isa = XCBuildConfiguration;
			buildSettings = {
				ALWAYS_SEARCH_USER_PATHS = NO;
				ASSETCATALOG_COMPILER_APPICON_NAME = AppIcon;
				CLANG_ENABLE_MODULES = YES;
				CODE_SIGN_STYLE = Automatic;
				CURRENT_PROJECT_VERSION = 1;
				GENERATE_INFOPLIST_FILE = YES;
				INFOPLIST_KEY_CFBundleDisplayName = "Zion Stage";
				INFOPLIST_KEY_UIApplicationSceneManifest_Generation = YES;
				INFOPLIST_KEY_UIApplicationSupportsIndirectInputEvents = YES;
				INFOPLIST_KEY_UILaunchScreen_Generation = YES;
				INFOPLIST_KEY_UISupportedInterfaceOrientations_iPad = "UIInterfaceOrientationPortrait UIInterfaceOrientationPortraitUpsideDown UIInterfaceOrientationLandscapeLeft UIInterfaceOrientationLandscapeRight";
				INFOPLIST_KEY_UISupportedInterfaceOrientations_iPhone = "UIInterfaceOrientationPortrait UIInterfaceOrientationLandscapeLeft UIInterfaceOrientationLandscapeRight";
				IPHONEOS_DEPLOYMENT_TARGET = 15.0;
				MACOSX_DEPLOYMENT_TARGET = 12.0;
				MARKETING_VERSION = 1.0.0;
				PRODUCT_BUNDLE_IDENTIFIER = com.zionstagelive.app;
				PRODUCT_NAME = "$(TARGET_NAME)";
				SWIFT_EMIT_LOC_STRINGS = YES;
				SWIFT_VERSION = 5.0;
				TARGETED_DEVICE_FAMILY = "1,2,7";
			};
			name = Debug;
		};
		9B00000129B7E1C000000028 /* Release */ = {
			isa = XCBuildConfiguration;
			buildSettings = {
				ALWAYS_SEARCH_USER_PATHS = NO;
				ASSETCATALOG_COMPILER_APPICON_NAME = AppIcon;
				CLANG_ENABLE_MODULES = YES;
				CODE_SIGN_STYLE = Automatic;
				CURRENT_PROJECT_VERSION = 1;
				GENERATE_INFOPLIST_FILE = YES;
				INFOPLIST_KEY_CFBundleDisplayName = "Zion Stage";
				INFOPLIST_KEY_UIApplicationSceneManifest_Generation = YES;
				INFOPLIST_KEY_UIApplicationSupportsIndirectInputEvents = YES;
				INFOPLIST_KEY_UILaunchScreen_Generation = YES;
				INFOPLIST_KEY_UISupportedInterfaceOrientations_iPad = "UIInterfaceOrientationPortrait UIInterfaceOrientationPortraitUpsideDown UIInterfaceOrientationLandscapeLeft UIInterfaceOrientationLandscapeRight";
				INFOPLIST_KEY_UISupportedInterfaceOrientations_iPhone = "UIInterfaceOrientationPortrait UIInterfaceOrientationLandscapeLeft UIInterfaceOrientationLandscapeRight";
				IPHONEOS_DEPLOYMENT_TARGET = 15.0;
				MACOSX_DEPLOYMENT_TARGET = 12.0;
				MARKETING_VERSION = 1.0.0;
				PRODUCT_BUNDLE_IDENTIFIER = com.zionstagelive.app;
				PRODUCT_NAME = "$(TARGET_NAME)";
				SWIFT_EMIT_LOC_STRINGS = YES;
				SWIFT_VERSION = 5.0;
				TARGETED_DEVICE_FAMILY = "1,2,7";
			};
			name = Release;
		};
/* End XCBuildConfiguration section */

/* Begin XCConfigurationList section */
		9B00000129B7E1C000000025 /* Build configuration list for PBXNativeTarget "ZionStageApple" */ = {
			isa = XCConfigurationList;
			buildConfigurations = (
				9B00000129B7E1C000000027 /* Debug */,
				9B00000129B7E1C000000028 /* Release */,
			);
			defaultConfigurationIsVisible = 0;
			defaultConfigurationName = Release;
		};
		9B00000129B7E1C000000026 /* Build configuration list for PBXProject "ZionStageApple" */ = {
			isa = XCConfigurationList;
			buildConfigurations = (
				9B00000129B7E1C000000027 /* Debug */,
				9B00000129B7E1C000000028 /* Release */,
			);
			defaultConfigurationIsVisible = 0;
			defaultConfigurationName = Release;
		};
/* End XCConfigurationList section */

/* Begin XCRemoteSwiftPackageReference section */
		FB0001A000000007 /* XCRemoteSwiftPackageReference "firebase-ios-sdk" */ = {
			isa = XCRemoteSwiftPackageReference;
			repositoryURL = "https://github.com/firebase/firebase-ios-sdk.git";
			requirement = {
				kind = upToNextMajorVersion;
				minimumVersion = 10.29.0;
			};
		};
/* End XCRemoteSwiftPackageReference section */

/* Begin XCSwiftPackageProductDependency section */
		FB0001A000000002 /* FirebaseCore */ = {
			isa = XCSwiftPackageProductDependency;
			package = FB0001A000000007 /* XCRemoteSwiftPackageReference "firebase-ios-sdk" */;
			productName = FirebaseCore;
		};
		FB0001A000000004 /* FirebaseAuth */ = {
			isa = XCSwiftPackageProductDependency;
			package = FB0001A000000007 /* XCRemoteSwiftPackageReference "firebase-ios-sdk" */;
			productName = FirebaseAuth;
		};
		FB0001A000000006 /* FirebaseFirestore */ = {
			isa = XCSwiftPackageProductDependency;
			package = FB0001A000000007 /* XCRemoteSwiftPackageReference "firebase-ios-sdk" */;
			productName = FirebaseFirestore;
		};
/* End XCSwiftPackageProductDependency section */
	};
	rootObject = 9B00000129B7E1C000000024 /* Project object */;
}
